# Generated by pub
# See https://dart.dev/tools/pub/glossary#lockfile
packages:
  application_core:
    dependency: "direct main"
    description:
      path: "../../core/application_core"
      relative: true
    source: path
    version: "1.1.0"
  domain:
    dependency: "direct main"
    description:
      path: "../domain"
      relative: true
    source: path
    version: "0.0.0"
  meta:
    dependency: "direct main"
    description:
      name: meta
      url: "https://pub.dartlang.org"
    source: hosted
    version: "1.2.3"
sdks:
  dart: ">=2.7.0 <3.0.0"
