# Generated by pub
# See https://dart.dev/tools/pub/glossary#lockfile
packages:
  async:
    dependency: transitive
    description:
      name: async
      url: "https://pub.dartlang.org"
    source: hosted
    version: "2.4.2"
  collection:
    dependency: transitive
    description:
      name: collection
      url: "https://pub.dartlang.org"
    source: hosted
    version: "1.14.13"
  data:
    dependency: "direct main"
    description:
      path: "../data"
      relative: true
    source: path
    version: "0.0.0"
  domain:
    dependency: "direct main"
    description:
      path: "../domain"
      relative: true
    source: path
    version: "0.0.0"
  get_it:
    dependency: "direct main"
    description:
      name: get_it
      url: "https://pub.dartlang.org"
    source: hosted
    version: "4.0.4"
  meta:
    dependency: transitive
    description:
      name: meta
      url: "https://pub.dartlang.org"
    source: hosted
    version: "1.2.3"
sdks:
  dart: ">=2.7.0 <3.0.0"
